// !$*UTF8*$!
{
	archiveVersion = 1;
	classes = {
	};
	objectVersion = 46;
	objects = {

/* Begin PBXBuildFile section */
		DC3D4D0E1B53677400CFD716 /* main.m in Sources */ = {isa = PBXBuildFile; fileRef = DC3D4D0D1B53677400CFD716 /* main.m */; };
		DC3D4D111B53677400CFD716 /* AppDelegate.m in Sources */ = {isa = PBXBuildFile; fileRef = DC3D4D101B53677400CFD716 /* AppDelegate.m */; };
		DC3D4D141B53677400CFD716 /* ViewController.m in Sources */ = {isa = PBXBuildFile; fileRef = DC3D4D131B53677400CFD716 /* ViewController.m */; };
		DC3D4D171B53677400CFD716 /* Main.storyboard in Resources */ = {isa = PBXBuildFile; fileRef = DC3D4D151B53677400CFD716 /* Main.storyboard */; };
		DC3D4D191B53677400CFD716 /* Images.xcassets in Resources */ = {isa = PBXBuildFile; fileRef = DC3D4D181B53677400CFD716 /* Images.xcassets */; };
		DC3D4D1C1B53677400CFD716 /* LaunchScreen.xib in Resources */ = {isa = PBXBuildFile; fileRef = DC3D4D1A1B53677400CFD716 /* LaunchScreen.xib */; };
		DC3D4D281B53677400CFD716 /* demo_CompanyProfileTests.m in Sources */ = {isa = PBXBuildFile; fileRef = DC3D4D271B53677400CFD716 /* demo_CompanyProfileTests.m */; };
		DC3D4D361B53B22500CFD716 /* JianJieViewController.m in Sources */ = {isa = PBXBuildFile; fileRef = DC3D4D351B53B22500CFD716 /* JianJieViewController.m */; };
		DC3D4D391B53B93000CFD716 /* DshijViewController.m in Sources */ = {isa = PBXBuildFile; fileRef = DC3D4D381B53B93000CFD716 /* DshijViewController.m */; };
		DC7B04E61B54DE1800CE7527 /* ZhiFanymViewController.m in Sources */ = {isa = PBXBuildFile; fileRef = DC7B04E51B54DE1800CE7527 /* ZhiFanymViewController.m */; };
		DC7B04EA1B54DE2800CE7527 /* zfym@2x.png in Resources */ = {isa = PBXBuildFile; fileRef = DC7B04E71B54DE2800CE7527 /* zfym@2x.png */; };
		DC7B04EB1B54DE2800CE7527 /* TPLProvinceInfo.plist in Resources */ = {isa = PBXBuildFile; fileRef = DC7B04E81B54DE2800CE7527 /* TPLProvinceInfo.plist */; };
		DC7B04EC1B54DE2800CE7527 /* TPLProvinceCoord.plist in Resources */ = {isa = PBXBuildFile; fileRef = DC7B04E91B54DE2800CE7527 /* TPLProvinceCoord.plist */; };
		DC7B050B1B54DE4000CE7527 /* anhui@2x.png in Resources */ = {isa = PBXBuildFile; fileRef = DC7B04EE1B54DE4000CE7527 /* anhui@2x.png */; };
		DC7B050C1B54DE4000CE7527 /* beijing@2x.png in Resources */ = {isa = PBXBuildFile; fileRef = DC7B04EF1B54DE4000CE7527 /* beijing@2x.png */; };
		DC7B050D1B54DE4000CE7527 /* chongqing@2x.png in Resources */ = {isa = PBXBuildFile; fileRef = DC7B04F01B54DE4000CE7527 /* chongqing@2x.png */; };
		DC7B050E1B54DE4000CE7527 /* city@2x.png in Resources */ = {isa = PBXBuildFile; fileRef = DC7B04F11B54DE4000CE7527 /* city@2x.png */; };
		DC7B050F1B54DE4000CE7527 /* fujian@2x.png in Resources */ = {isa = PBXBuildFile; fileRef = DC7B04F21B54DE4000CE7527 /* fujian@2x.png */; };
		DC7B05101B54DE4000CE7527 /* gansu@2x.png in Resources */ = {isa = PBXBuildFile; fileRef = DC7B04F31B54DE4000CE7527 /* gansu@2x.png */; };
		DC7B05111B54DE4000CE7527 /* guangdong@2x.png in Resources */ = {isa = PBXBuildFile; fileRef = DC7B04F41B54DE4000CE7527 /* guangdong@2x.png */; };
		DC7B05121B54DE4000CE7527 /* guangxi@2x.png in Resources */ = {isa = PBXBuildFile; fileRef = DC7B04F51B54DE4000CE7527 /* guangxi@2x.png */; };
		DC7B05131B54DE4000CE7527 /* guizhou@2x.png in Resources */ = {isa = PBXBuildFile; fileRef = DC7B04F61B54DE4000CE7527 /* guizhou@2x.png */; };
		DC7B05141B54DE4000CE7527 /* hainan@2x.png in Resources */ = {isa = PBXBuildFile; fileRef = DC7B04F71B54DE4000CE7527 /* hainan@2x.png */; };
		DC7B05151B54DE4000CE7527 /* hebei@2x.png in Resources */ = {isa = PBXBuildFile; fileRef = DC7B04F81B54DE4000CE7527 /* hebei@2x.png */; };
		DC7B05161B54DE4000CE7527 /* heilongjiang@2x.png in Resources */ = {isa = PBXBuildFile; fileRef = DC7B04F91B54DE4000CE7527 /* heilongjiang@2x.png */; };
		DC7B05171B54DE4000CE7527 /* henan@2x.png in Resources */ = {isa = PBXBuildFile; fileRef = DC7B04FA1B54DE4000CE7527 /* henan@2x.png */; };
		DC7B05181B54DE4000CE7527 /* hubei@2x.png in Resources */ = {isa = PBXBuildFile; fileRef = DC7B04FB1B54DE4000CE7527 /* hubei@2x.png */; };
		DC7B05191B54DE4000CE7527 /* hunan@2x.png in Resources */ = {isa = PBXBuildFile; fileRef = DC7B04FC1B54DE4000CE7527 /* hunan@2x.png */; };
		DC7B051A1B54DE4000CE7527 /* jiangsu@2x.png in Resources */ = {isa = PBXBuildFile; fileRef = DC7B04FD1B54DE4000CE7527 /* jiangsu@2x.png */; };
		DC7B051B1B54DE4000CE7527 /* jiangxi@2x.png in Resources */ = {isa = PBXBuildFile; fileRef = DC7B04FE1B54DE4000CE7527 /* jiangxi@2x.png */; };
		DC7B051C1B54DE4000CE7527 /* jinin@2x.png in Resources */ = {isa = PBXBuildFile; fileRef = DC7B04FF1B54DE4000CE7527 /* jinin@2x.png */; };
		DC7B051D1B54DE4000CE7527 /* liaoning@2x.png in Resources */ = {isa = PBXBuildFile; fileRef = DC7B05001B54DE4000CE7527 /* liaoning@2x.png */; };
		DC7B051E1B54DE4000CE7527 /* neimeng@2x.png in Resources */ = {isa = PBXBuildFile; fileRef = DC7B05011B54DE4000CE7527 /* neimeng@2x.png */; };
		DC7B051F1B54DE4000CE7527 /* shan2xi@2x.png in Resources */ = {isa = PBXBuildFile; fileRef = DC7B05021B54DE4000CE7527 /* shan2xi@2x.png */; };
		DC7B05201B54DE4000CE7527 /* shandong@2x.png in Resources */ = {isa = PBXBuildFile; fileRef = DC7B05031B54DE4000CE7527 /* shandong@2x.png */; };
		DC7B05211B54DE4000CE7527 /* shanghai@2x.png in Resources */ = {isa = PBXBuildFile; fileRef = DC7B05041B54DE4000CE7527 /* shanghai@2x.png */; };
		DC7B05221B54DE4000CE7527 /* shanxi@2x.png in Resources */ = {isa = PBXBuildFile; fileRef = DC7B05051B54DE4000CE7527 /* shanxi@2x.png */; };
		DC7B05231B54DE4000CE7527 /* sichuan@2x.png in Resources */ = {isa = PBXBuildFile; fileRef = DC7B05061B54DE4000CE7527 /* sichuan@2x.png */; };
		DC7B05241B54DE4000CE7527 /* tianjin@2x.png in Resources */ = {isa = PBXBuildFile; fileRef = DC7B05071B54DE4000CE7527 /* tianjin@2x.png */; };
		DC7B05251B54DE4000CE7527 /* xinjiang@2x.png in Resources */ = {isa = PBXBuildFile; fileRef = DC7B05081B54DE4000CE7527 /* xinjiang@2x.png */; };
		DC7B05261B54DE4000CE7527 /* yunan@2x.png in Resources */ = {isa = PBXBuildFile; fileRef = DC7B05091B54DE4000CE7527 /* yunan@2x.png */; };
		DC7B05271B54DE4000CE7527 /* zhejiang@2x.png in Resources */ = {isa = PBXBuildFile; fileRef = DC7B050A1B54DE4000CE7527 /* zhejiang@2x.png */; };
/* End PBXBuildFile section */

/* Begin PBXContainerItemProxy section */
		DC3D4D221B53677400CFD716 /* PBXContainerItemProxy */ = {
			isa = PBXContainerItemProxy;
			containerPortal = DC3D4D001B53677400CFD716 /* Project object */;
			proxyType = 1;
			remoteGlobalIDString = DC3D4D071B53677400CFD716;
			remoteInfo = demo_CompanyProfile;
		};
/* End PBXContainerItemProxy section */

/* Begin PBXFileReference section */
		DC3D4D081B53677400CFD716 /* demo_CompanyProfile.app */ = {isa = PBXFileReference; explicitFileType = wrapper.application; includeInIndex = 0; path = demo_CompanyProfile.app; sourceTree = BUILT_PRODUCTS_DIR; };
		DC3D4D0C1B53677400CFD716 /* Info.plist */ = {isa = PBXFileReference; lastKnownFileType = text.plist.xml; path = Info.plist; sourceTree = "<group>"; };
		DC3D4D0D1B53677400CFD716 /* main.m */ = {isa = PBXFileReference; lastKnownFileType = sourcecode.c.objc; path = main.m; sourceTree = "<group>"; };
		DC3D4D0F1B53677400CFD716 /* AppDelegate.h */ = {isa = PBXFileReference; lastKnownFileType = sourcecode.c.h; path = AppDelegate.h; sourceTree = "<group>"; };
		DC3D4D101B53677400CFD716 /* AppDelegate.m */ = {isa = PBXFileReference; lastKnownFileType = sourcecode.c.objc; path = AppDelegate.m; sourceTree = "<group>"; };
		DC3D4D121B53677400CFD716 /* ViewController.h */ = {isa = PBXFileReference; lastKnownFileType = sourcecode.c.h; path = ViewController.h; sourceTree = "<group>"; };
		DC3D4D131B53677400CFD716 /* ViewController.m */ = {isa = PBXFileReference; lastKnownFileType = sourcecode.c.objc; path = ViewController.m; sourceTree = "<group>"; };
		DC3D4D161B53677400CFD716 /* Base */ = {isa = PBXFileReference; lastKnownFileType = file.storyboard; name = Base; path = Base.lproj/Main.storyboard; sourceTree = "<group>"; };
		DC3D4D181B53677400CFD716 /* Images.xcassets */ = {isa = PBXFileReference; lastKnownFileType = folder.assetcatalog; path = Images.xcassets; sourceTree = "<group>"; };
		DC3D4D1B1B53677400CFD716 /* Base */ = {isa = PBXFileReference; lastKnownFileType = file.xib; name = Base; path = Base.lproj/LaunchScreen.xib; sourceTree = "<group>"; };
		DC3D4D211B53677400CFD716 /* demo_CompanyProfileTests.xctest */ = {isa = PBXFileReference; explicitFileType = wrapper.cfbundle; includeInIndex = 0; path = demo_CompanyProfileTests.xctest; sourceTree = BUILT_PRODUCTS_DIR; };
		DC3D4D261B53677400CFD716 /* Info.plist */ = {isa = PBXFileReference; lastKnownFileType = text.plist.xml; path = Info.plist; sourceTree = "<group>"; };
		DC3D4D271B53677400CFD716 /* demo_CompanyProfileTests.m */ = {isa = PBXFileReference; lastKnownFileType = sourcecode.c.objc; path = demo_CompanyProfileTests.m; sourceTree = "<group>"; };
		DC3D4D341B53B22500CFD716 /* JianJieViewController.h */ = {isa = PBXFileReference; fileEncoding = 4; lastKnownFileType = sourcecode.c.h; path = JianJieViewController.h; sourceTree = "<group>"; };
		DC3D4D351B53B22500CFD716 /* JianJieViewController.m */ = {isa = PBXFileReference; fileEncoding = 4; lastKnownFileType = sourcecode.c.objc; path = JianJieViewController.m; sourceTree = "<group>"; };
		DC3D4D371B53B93000CFD716 /* DshijViewController.h */ = {isa = PBXFileReference; fileEncoding = 4; lastKnownFileType = sourcecode.c.h; path = DshijViewController.h; sourceTree = "<group>"; };
		DC3D4D381B53B93000CFD716 /* DshijViewController.m */ = {isa = PBXFileReference; fileEncoding = 4; lastKnownFileType = sourcecode.c.objc; path = DshijViewController.m; sourceTree = "<group>"; };
		DC7B04E41B54DE1800CE7527 /* ZhiFanymViewController.h */ = {isa = PBXFileReference; fileEncoding = 4; lastKnownFileType = sourcecode.c.h; path = ZhiFanymViewController.h; sourceTree = "<group>"; };
		DC7B04E51B54DE1800CE7527 /* ZhiFanymViewController.m */ = {isa = PBXFileReference; fileEncoding = 4; lastKnownFileType = sourcecode.c.objc; path = ZhiFanymViewController.m; sourceTree = "<group>"; };
		DC7B04E71B54DE2800CE7527 /* zfym@2x.png */ = {isa = PBXFileReference; lastKnownFileType = image.png; path = "zfym@2x.png"; sourceTree = "<group>"; };
		DC7B04E81B54DE2800CE7527 /* TPLProvinceInfo.plist */ = {isa = PBXFileReference; fileEncoding = 4; lastKnownFileType = text.plist.xml; path = TPLProvinceInfo.plist; sourceTree = "<group>"; };
		DC7B04E91B54DE2800CE7527 /* TPLProvinceCoord.plist */ = {isa = PBXFileReference; fileEncoding = 4; lastKnownFileType = text.plist.xml; path = TPLProvinceCoord.plist; sourceTree = "<group>"; };
		DC7B04EE1B54DE4000CE7527 /* anhui@2x.png */ = {isa = PBXFileReference; lastKnownFileType = image.png; path = "anhui@2x.png"; sourceTree = "<group>"; };
		DC7B04EF1B54DE4000CE7527 /* beijing@2x.png */ = {isa = PBXFileReference; lastKnownFileType = image.png; path = "beijing@2x.png"; sourceTree = "<group>"; };
		DC7B04F01B54DE4000CE7527 /* chongqing@2x.png */ = {isa = PBXFileReference; lastKnownFileType = image.png; path = "chongqing@2x.png"; sourceTree = "<group>"; };
		DC7B04F11B54DE4000CE7527 /* city@2x.png */ = {isa = PBXFileReference; lastKnownFileType = image.png; path = "city@2x.png"; sourceTree = "<group>"; };
		DC7B04F21B54DE4000CE7527 /* fujian@2x.png */ = {isa = PBXFileReference; lastKnownFileType = image.png; path = "fujian@2x.png"; sourceTree = "<group>"; };
		DC7B04F31B54DE4000CE7527 /* gansu@2x.png */ = {isa = PBXFileReference; lastKnownFileType = image.png; path = "gansu@2x.png"; sourceTree = "<group>"; };
		DC7B04F41B54DE4000CE7527 /* guangdong@2x.png */ = {isa = PBXFileReference; lastKnownFileType = image.png; path = "guangdong@2x.png"; sourceTree = "<group>"; };
		DC7B04F51B54DE4000CE7527 /* guangxi@2x.png */ = {isa = PBXFileReference; lastKnownFileType = image.png; path = "guangxi@2x.png"; sourceTree = "<group>"; };
		DC7B04F61B54DE4000CE7527 /* guizhou@2x.png */ = {isa = PBXFileReference; lastKnownFileType = image.png; path = "guizhou@2x.png"; sourceTree = "<group>"; };
		DC7B04F71B54DE4000CE7527 /* hainan@2x.png */ = {isa = PBXFileReference; lastKnownFileType = image.png; path = "hainan@2x.png"; sourceTree = "<group>"; };
		DC7B04F81B54DE4000CE7527 /* hebei@2x.png */ = {isa = PBXFileReference; lastKnownFileType = image.png; path = "hebei@2x.png"; sourceTree = "<group>"; };
		DC7B04F91B54DE4000CE7527 /* heilongjiang@2x.png */ = {isa = PBXFileReference; lastKnownFileType = image.png; path = "heilongjiang@2x.png"; sourceTree = "<group>"; };
		DC7B04FA1B54DE4000CE7527 /* henan@2x.png */ = {isa = PBXFileReference; lastKnownFileType = image.png; path = "henan@2x.png"; sourceTree = "<group>"; };
		DC7B04FB1B54DE4000CE7527 /* hubei@2x.png */ = {isa = PBXFileReference; lastKnownFileType = image.png; path = "hubei@2x.png"; sourceTree = "<group>"; };
		DC7B04FC1B54DE4000CE7527 /* hunan@2x.png */ = {isa = PBXFileReference; lastKnownFileType = image.png; path = "hunan@2x.png"; sourceTree = "<group>"; };
		DC7B04FD1B54DE4000CE7527 /* jiangsu@2x.png */ = {isa = PBXFileReference; lastKnownFileType = image.png; path = "jiangsu@2x.png"; sourceTree = "<group>"; };
		DC7B04FE1B54DE4000CE7527 /* jiangxi@2x.png */ = {isa = PBXFileReference; lastKnownFileType = image.png; path = "jiangxi@2x.png"; sourceTree = "<group>"; };
		DC7B04FF1B54DE4000CE7527 /* jinin@2x.png */ = {isa = PBXFileReference; lastKnownFileType = image.png; path = "jinin@2x.png"; sourceTree = "<group>"; };
		DC7B05001B54DE4000CE7527 /* liaoning@2x.png */ = {isa = PBXFileReference; lastKnownFileType = image.png; path = "liaoning@2x.png"; sourceTree = "<group>"; };
		DC7B05011B54DE4000CE7527 /* neimeng@2x.png */ = {isa = PBXFileReference; lastKnownFileType = image.png; path = "neimeng@2x.png"; sourceTree = "<group>"; };
		DC7B05021B54DE4000CE7527 /* shan2xi@2x.png */ = {isa = PBXFileReference; lastKnownFileType = image.png; path = "shan2xi@2x.png"; sourceTree = "<group>"; };
		DC7B05031B54DE4000CE7527 /* shandong@2x.png */ = {isa = PBXFileReference; lastKnownFileType = image.png; path = "shandong@2x.png"; sourceTree = "<group>"; };
		DC7B05041B54DE4000CE7527 /* shanghai@2x.png */ = {isa = PBXFileReference; lastKnownFileType = image.png; path = "shanghai@2x.png"; sourceTree = "<group>"; };
		DC7B05051B54DE4000CE7527 /* shanxi@2x.png */ = {isa = PBXFileReference; lastKnownFileType = image.png; path = "shanxi@2x.png"; sourceTree = "<group>"; };
		DC7B05061B54DE4000CE7527 /* sichuan@2x.png */ = {isa = PBXFileReference; lastKnownFileType = image.png; path = "sichuan@2x.png"; sourceTree = "<group>"; };
		DC7B05071B54DE4000CE7527 /* tianjin@2x.png */ = {isa = PBXFileReference; lastKnownFileType = image.png; path = "tianjin@2x.png"; sourceTree = "<group>"; };
		DC7B05081B54DE4000CE7527 /* xinjiang@2x.png */ = {isa = PBXFileReference; lastKnownFileType = image.png; path = "xinjiang@2x.png"; sourceTree = "<group>"; };
		DC7B05091B54DE4000CE7527 /* yunan@2x.png */ = {isa = PBXFileReference; lastKnownFileType = image.png; path = "yunan@2x.png"; sourceTree = "<group>"; };
		DC7B050A1B54DE4000CE7527 /* zhejiang@2x.png */ = {isa = PBXFileReference; lastKnownFileType = image.png; path = "zhejiang@2x.png"; sourceTree = "<group>"; };
/* End PBXFileReference section */

/* Begin PBXFrameworksBuildPhase section */
		DC3D4D051B53677400CFD716 /* Frameworks */ = {
			isa = PBXFrameworksBuildPhase;
			buildActionMask = 2147483647;
			files = (
			);
			runOnlyForDeploymentPostprocessing = 0;
		};
		DC3D4D1E1B53677400CFD716 /* Frameworks */ = {
			isa = PBXFrameworksBuildPhase;
			buildActionMask = 2147483647;
			files = (
			);
			runOnlyForDeploymentPostprocessing = 0;
		};
/* End PBXFrameworksBuildPhase section */

/* Begin PBXGroup section */
		DC3D4CFF1B53677400CFD716 = {
			isa = PBXGroup;
			children = (
				DC3D4D0A1B53677400CFD716 /* demo_CompanyProfile */,
				DC3D4D241B53677400CFD716 /* demo_CompanyProfileTests */,
				DC3D4D091B53677400CFD716 /* Products */,
			);
			sourceTree = "<group>";
		};
		DC3D4D091B53677400CFD716 /* Products */ = {
			isa = PBXGroup;
			children = (
				DC3D4D081B53677400CFD716 /* demo_CompanyProfile.app */,
				DC3D4D211B53677400CFD716 /* demo_CompanyProfileTests.xctest */,
			);
			name = Products;
			sourceTree = "<group>";
		};
		DC3D4D0A1B53677400CFD716 /* demo_CompanyProfile */ = {
			isa = PBXGroup;
			children = (
				DC3D4D0F1B53677400CFD716 /* AppDelegate.h */,
				DC3D4D101B53677400CFD716 /* AppDelegate.m */,
				DC3D4D121B53677400CFD716 /* ViewController.h */,
				DC3D4D131B53677400CFD716 /* ViewController.m */,
				DC3D4D341B53B22500CFD716 /* JianJieViewController.h */,
				DC3D4D351B53B22500CFD716 /* JianJieViewController.m */,
				DC3D4D371B53B93000CFD716 /* DshijViewController.h */,
				DC3D4D381B53B93000CFD716 /* DshijViewController.m */,
				DC7B04E31B54DDDD00CE7527 /* 枝繁叶茂 */,
				DC3D4D151B53677400CFD716 /* Main.storyboard */,
				DC3D4D181B53677400CFD716 /* Images.xcassets */,
				DC3D4D1A1B53677400CFD716 /* LaunchScreen.xib */,
				DC3D4D0B1B53677400CFD716 /* Supporting Files */,
			);
			path = demo_CompanyProfile;
			sourceTree = "<group>";
		};
		DC3D4D0B1B53677400CFD716 /* Supporting Files */ = {
			isa = PBXGroup;
			children = (
				DC3D4D0C1B53677400CFD716 /* Info.plist */,
				DC3D4D0D1B53677400CFD716 /* main.m */,
			);
			name = "Supporting Files";
			sourceTree = "<group>";
		};
		DC3D4D241B53677400CFD716 /* demo_CompanyProfileTests */ = {
			isa = PBXGroup;
			children = (
				DC3D4D271B53677400CFD716 /* demo_CompanyProfileTests.m */,
				DC3D4D251B53677400CFD716 /* Supporting Files */,
			);
			path = demo_CompanyProfileTests;
			sourceTree = "<group>";
		};
		DC3D4D251B53677400CFD716 /* Supporting Files */ = {
			isa = PBXGroup;
			children = (
				DC3D4D261B53677400CFD716 /* Info.plist */,
			);
			name = "Supporting Files";
			sourceTree = "<group>";
		};
		DC7B04E31B54DDDD00CE7527 /* 枝繁叶茂 */ = {
			isa = PBXGroup;
			children = (
				DC7B04ED1B54DE3100CE7527 /* mapImage */,
				DC7B04E41B54DE1800CE7527 /* ZhiFanymViewController.h */,
				DC7B04E51B54DE1800CE7527 /* ZhiFanymViewController.m */,
				DC7B04E71B54DE2800CE7527 /* zfym@2x.png */,
				DC7B04E81B54DE2800CE7527 /* TPLProvinceInfo.plist */,
				DC7B04E91B54DE2800CE7527 /* TPLProvinceCoord.plist */,
			);
			name = "枝繁叶茂";
			sourceTree = "<group>";
		};
		DC7B04ED1B54DE3100CE7527 /* mapImage */ = {
			isa = PBXGroup;
			children = (
				DC7B04EE1B54DE4000CE7527 /* anhui@2x.png */,
				DC7B04EF1B54DE4000CE7527 /* beijing@2x.png */,
				DC7B04F01B54DE4000CE7527 /* chongqing@2x.png */,
				DC7B04F11B54DE4000CE7527 /* city@2x.png */,
				DC7B04F21B54DE4000CE7527 /* fujian@2x.png */,
				DC7B04F31B54DE4000CE7527 /* gansu@2x.png */,
				DC7B04F41B54DE4000CE7527 /* guangdong@2x.png */,
				DC7B04F51B54DE4000CE7527 /* guangxi@2x.png */,
				DC7B04F61B54DE4000CE7527 /* guizhou@2x.png */,
				DC7B04F71B54DE4000CE7527 /* hainan@2x.png */,
				DC7B04F81B54DE4000CE7527 /* hebei@2x.png */,
				DC7B04F91B54DE4000CE7527 /* heilongjiang@2x.png */,
				DC7B04FA1B54DE4000CE7527 /* henan@2x.png */,
				DC7B04FB1B54DE4000CE7527 /* hubei@2x.png */,
				DC7B04FC1B54DE4000CE7527 /* hunan@2x.png */,
				DC7B04FD1B54DE4000CE7527 /* jiangsu@2x.png */,
				DC7B04FE1B54DE4000CE7527 /* jiangxi@2x.png */,
				DC7B04FF1B54DE4000CE7527 /* jinin@2x.png */,
				DC7B05001B54DE4000CE7527 /* liaoning@2x.png */,
				DC7B05011B54DE4000CE7527 /* neimeng@2x.png */,
				DC7B05021B54DE4000CE7527 /* shan2xi@2x.png */,
				DC7B05031B54DE4000CE7527 /* shandong@2x.png */,
				DC7B05041B54DE4000CE7527 /* shanghai@2x.png */,
				DC7B05051B54DE4000CE7527 /* shanxi@2x.png */,
				DC7B05061B54DE4000CE7527 /* sichuan@2x.png */,
				DC7B05071B54DE4000CE7527 /* tianjin@2x.png */,
				DC7B05081B54DE4000CE7527 /* xinjiang@2x.png */,
				DC7B05091B54DE4000CE7527 /* yunan@2x.png */,
				DC7B050A1B54DE4000CE7527 /* zhejiang@2x.png */,
			);
			name = mapImage;
			sourceTree = "<group>";
		};
/* End PBXGroup section */

/* Begin PBXNativeTarget section */
		DC3D4D071B53677400CFD716 /* demo_CompanyProfile */ = {
			isa = PBXNativeTarget;
			buildConfigurationList = DC3D4D2B1B53677400CFD716 /* Build configuration list for PBXNativeTarget "demo_CompanyProfile" */;
			buildPhases = (
				DC3D4D041B53677400CFD716 /* Sources */,
				DC3D4D051B53677400CFD716 /* Frameworks */,
				DC3D4D061B53677400CFD716 /* Resources */,
			);
			buildRules = (
			);
			dependencies = (
			);
			name = demo_CompanyProfile;
			productName = demo_CompanyProfile;
			productReference = DC3D4D081B53677400CFD716 /* demo_CompanyProfile.app */;
			productType = "com.apple.product-type.application";
		};
		DC3D4D201B53677400CFD716 /* demo_CompanyProfileTests */ = {
			isa = PBXNativeTarget;
			buildConfigurationList = DC3D4D2E1B53677400CFD716 /* Build configuration list for PBXNativeTarget "demo_CompanyProfileTests" */;
			buildPhases = (
				DC3D4D1D1B53677400CFD716 /* Sources */,
				DC3D4D1E1B53677400CFD716 /* Frameworks */,
				DC3D4D1F1B53677400CFD716 /* Resources */,
			);
			buildRules = (
			);
			dependencies = (
				DC3D4D231B53677400CFD716 /* PBXTargetDependency */,
			);
			name = demo_CompanyProfileTests;
			productName = demo_CompanyProfileTests;
			productReference = DC3D4D211B53677400CFD716 /* demo_CompanyProfileTests.xctest */;
			productType = "com.apple.product-type.bundle.unit-test";
		};
/* End PBXNativeTarget section */

/* Begin PBXProject section */
		DC3D4D001B53677400CFD716 /* Project object */ = {
			isa = PBXProject;
			attributes = {
				LastUpgradeCheck = 0640;
				ORGANIZATIONNAME = wdl;
				TargetAttributes = {
					DC3D4D071B53677400CFD716 = {
						CreatedOnToolsVersion = 6.4;
					};
					DC3D4D201B53677400CFD716 = {
						CreatedOnToolsVersion = 6.4;
						TestTargetID = DC3D4D071B53677400CFD716;
					};
				};
			};
			buildConfigurationList = DC3D4D031B53677400CFD716 /* Build configuration list for PBXProject "demo_CompanyProfile" */;
			compatibilityVersion = "Xcode 3.2";
			developmentRegion = English;
			hasScannedForEncodings = 0;
			knownRegions = (
				en,
				Base,
			);
			mainGroup = DC3D4CFF1B53677400CFD716;
			productRefGroup = DC3D4D091B53677400CFD716 /* Products */;
			projectDirPath = "";
			projectRoot = "";
			targets = (
				DC3D4D071B53677400CFD716 /* demo_CompanyProfile */,
				DC3D4D201B53677400CFD716 /* demo_CompanyProfileTests */,
			);
		};
/* End PBXProject section */

/* Begin PBXResourcesBuildPhase section */
		DC3D4D061B53677400CFD716 /* Resources */ = {
			isa = PBXResourcesBuildPhase;
			buildActionMask = 2147483647;
			files = (
				DC3D4D171B53677400CFD716 /* Main.storyboard in Resources */,
				DC3D4D1C1B53677400CFD716 /* LaunchScreen.xib in Resources */,
				DC7B05121B54DE4000CE7527 /* guangxi@2x.png in Resources */,
				DC7B04EA1B54DE2800CE7527 /* zfym@2x.png in Resources */,
				DC7B05101B54DE4000CE7527 /* gansu@2x.png in Resources */,
				DC7B05111B54DE4000CE7527 /* guangdong@2x.png in Resources */,
				DC7B05251B54DE4000CE7527 /* xinjiang@2x.png in Resources */,
				DC7B050C1B54DE4000CE7527 /* beijing@2x.png in Resources */,
				DC7B05261B54DE4000CE7527 /* yunan@2x.png in Resources */,
				DC7B050D1B54DE4000CE7527 /* chongqing@2x.png in Resources */,
				DC7B050E1B54DE4000CE7527 /* city@2x.png in Resources */,
				DC7B05141B54DE4000CE7527 /* hainan@2x.png in Resources */,
				DC7B05231B54DE4000CE7527 /* sichuan@2x.png in Resources */,
				DC7B05201B54DE4000CE7527 /* shandong@2x.png in Resources */,
				DC7B051D1B54DE4000CE7527 /* liaoning@2x.png in Resources */,
				DC7B05181B54DE4000CE7527 /* hubei@2x.png in Resources */,
				DC7B050F1B54DE4000CE7527 /* fujian@2x.png in Resources */,
				DC7B05191B54DE4000CE7527 /* hunan@2x.png in Resources */,
				DC7B05131B54DE4000CE7527 /* guizhou@2x.png in Resources */,
				DC7B04EB1B54DE2800CE7527 /* TPLProvinceInfo.plist in Resources */,
				DC7B051E1B54DE4000CE7527 /* neimeng@2x.png in Resources */,
				DC7B05211B54DE4000CE7527 /* shanghai@2x.png in Resources */,
				DC3D4D191B53677400CFD716 /* Images.xcassets in Resources */,
				DC7B05271B54DE4000CE7527 /* zhejiang@2x.png in Resources */,
				DC7B051F1B54DE4000CE7527 /* shan2xi@2x.png in Resources */,
				DC7B051B1B54DE4000CE7527 /* jiangxi@2x.png in Resources */,
				DC7B051C1B54DE4000CE7527 /* jinin@2x.png in Resources */,
				DC7B05241B54DE4000CE7527 /* tianjin@2x.png in Resources */,
				DC7B050B1B54DE4000CE7527 /* anhui@2x.png in Resources */,
				DC7B05161B54DE4000CE7527 /* heilongjiang@2x.png in Resources */,
				DC7B05171B54DE4000CE7527 /* henan@2x.png in Resources */,
				DC7B04EC1B54DE2800CE7527 /* TPLProvinceCoord.plist in Resources */,
				DC7B05221B54DE4000CE7527 /* shanxi@2x.png in Resources */,
				DC7B051A1B54DE4000CE7527 /* jiangsu@2x.png in Resources */,
				DC7B05151B54DE4000CE7527 /* hebei@2x.png in Resources */,
			);
			runOnlyForDeploymentPostprocessing = 0;
		};
		DC3D4D1F1B53677400CFD716 /* Resources */ = {
			isa = PBXResourcesBuildPhase;
			buildActionMask = 2147483647;
			files = (
			);
			runOnlyForDeploymentPostprocessing = 0;
		};
/* End PBXResourcesBuildPhase section */

/* Begin PBXSourcesBuildPhase section */
		DC3D4D041B53677400CFD716 /* Sources */ = {
			isa = PBXSourcesBuildPhase;
			buildActionMask = 2147483647;
			files = (
				DC3D4D141B53677400CFD716 /* ViewController.m in Sources */,
				DC3D4D111B53677400CFD716 /* AppDelegate.m in Sources */,
				DC3D4D0E1B53677400CFD716 /* main.m in Sources */,
				DC3D4D391B53B93000CFD716 /* DshijViewController.m in Sources */,
				DC7B04E61B54DE1800CE7527 /* ZhiFanymViewController.m in Sources */,
				DC3D4D361B53B22500CFD716 /* JianJieViewController.m in Sources */,
			);
			runOnlyForDeploymentPostprocessing = 0;
		};
		DC3D4D1D1B53677400CFD716 /* Sources */ = {
			isa = PBXSourcesBuildPhase;
			buildActionMask = 2147483647;
			files = (
				DC3D4D281B53677400CFD716 /* demo_CompanyProfileTests.m in Sources */,
			);
			runOnlyForDeploymentPostprocessing = 0;
		};
/* End PBXSourcesBuildPhase section */

/* Begin PBXTargetDependency section */
		DC3D4D231B53677400CFD716 /* PBXTargetDependency */ = {
			isa = PBXTargetDependency;
			target = DC3D4D071B53677400CFD716 /* demo_CompanyProfile */;
			targetProxy = DC3D4D221B53677400CFD716 /* PBXContainerItemProxy */;
		};
/* End PBXTargetDependency section */

/* Begin PBXVariantGroup section */
		DC3D4D151B53677400CFD716 /* Main.storyboard */ = {
			isa = PBXVariantGroup;
			children = (
				DC3D4D161B53677400CFD716 /* Base */,
			);
			name = Main.storyboard;
			sourceTree = "<group>";
		};
		DC3D4D1A1B53677400CFD716 /* LaunchScreen.xib */ = {
			isa = PBXVariantGroup;
			children = (
				DC3D4D1B1B53677400CFD716 /* Base */,
			);
			name = LaunchScreen.xib;
			sourceTree = "<group>";
		};
/* End PBXVariantGroup section */

/* Begin XCBuildConfiguration section */
		DC3D4D291B53677400CFD716 /* Debug */ = {
			isa = XCBuildConfiguration;
			buildSettings = {
				ALWAYS_SEARCH_USER_PATHS = NO;
				CLANG_CXX_LANGUAGE_STANDARD = "gnu++0x";
				CLANG_CXX_LIBRARY = "libc++";
				CLANG_ENABLE_MODULES = YES;
				CLANG_ENABLE_OBJC_ARC = YES;
				CLANG_WARN_BOOL_CONVERSION = YES;
				CLANG_WARN_CONSTANT_CONVERSION = YES;
				CLANG_WARN_DIRECT_OBJC_ISA_USAGE = YES_ERROR;
				CLANG_WARN_EMPTY_BODY = YES;
				CLANG_WARN_ENUM_CONVERSION = YES;
				CLANG_WARN_INT_CONVERSION = YES;
				CLANG_WARN_OBJC_ROOT_CLASS = YES_ERROR;
				CLANG_WARN_UNREACHABLE_CODE = YES;
				CLANG_WARN__DUPLICATE_METHOD_MATCH = YES;
				"CODE_SIGN_IDENTITY[sdk=iphoneos*]" = "iPhone Developer";
				COPY_PHASE_STRIP = NO;
				DEBUG_INFORMATION_FORMAT = "dwarf-with-dsym";
				ENABLE_STRICT_OBJC_MSGSEND = YES;
				GCC_C_LANGUAGE_STANDARD = gnu99;
				GCC_DYNAMIC_NO_PIC = NO;
				GCC_NO_COMMON_BLOCKS = YES;
				GCC_OPTIMIZATION_LEVEL = 0;
				GCC_PREPROCESSOR_DEFINITIONS = (
					"DEBUG=1",
					"$(inherited)",
				);
				GCC_SYMBOLS_PRIVATE_EXTERN = NO;
				GCC_WARN_64_TO_32_BIT_CONVERSION = YES;
				GCC_WARN_ABOUT_RETURN_TYPE = YES_ERROR;
				GCC_WARN_UNDECLARED_SELECTOR = YES;
				GCC_WARN_UNINITIALIZED_AUTOS = YES_AGGRESSIVE;
				GCC_WARN_UNUSED_FUNCTION = YES;
				GCC_WARN_UNUSED_VARIABLE = YES;
				IPHONEOS_DEPLOYMENT_TARGET = 8.4;
				MTL_ENABLE_DEBUG_INFO = YES;
				ONLY_ACTIVE_ARCH = YES;
				SDKROOT = iphoneos;
			};
			name = Debug;
		};
		DC3D4D2A1B53677400CFD716 /* Release */ = {
			isa = XCBuildConfiguration;
			buildSettings = {
				ALWAYS_SEARCH_USER_PATHS = NO;
				CLANG_CXX_LANGUAGE_STANDARD = "gnu++0x";
				CLANG_CXX_LIBRARY = "libc++";
				CLANG_ENABLE_MODULES = YES;
				CLANG_ENABLE_OBJC_ARC = YES;
				CLANG_WARN_BOOL_CONVERSION = YES;
				CLANG_WARN_CONSTANT_CONVERSION = YES;
				CLANG_WARN_DIRECT_OBJC_ISA_USAGE = YES_ERROR;
				CLANG_WARN_EMPTY_BODY = YES;
				CLANG_WARN_ENUM_CONVERSION = YES;
				CLANG_WARN_INT_CONVERSION = YES;
				CLANG_WARN_OBJC_ROOT_CLASS = YES_ERROR;
				CLANG_WARN_UNREACHABLE_CODE = YES;
				CLANG_WARN__DUPLICATE_METHOD_MATCH = YES;
				"CODE_SIGN_IDENTITY[sdk=iphoneos*]" = "iPhone Developer";
				COPY_PHASE_STRIP = NO;
				DEBUG_INFORMATION_FORMAT = "dwarf-with-dsym";
				ENABLE_NS_ASSERTIONS = NO;
				ENABLE_STRICT_OBJC_MSGSEND = YES;
				GCC_C_LANGUAGE_STANDARD = gnu99;
				GCC_NO_COMMON_BLOCKS = YES;
				GCC_WARN_64_TO_32_BIT_CONVERSION = YES;
				GCC_WARN_ABOUT_RETURN_TYPE = YES_ERROR;
				GCC_WARN_UNDECLARED_SELECTOR = YES;
				GCC_WARN_UNINITIALIZED_AUTOS = YES_AGGRESSIVE;
				GCC_WARN_UNUSED_FUNCTION = YES;
				GCC_WARN_UNUSED_VARIABLE = YES;
				IPHONEOS_DEPLOYMENT_TARGET = 8.4;
				MTL_ENABLE_DEBUG_INFO = NO;
				SDKROOT = iphoneos;
				VALIDATE_PRODUCT = YES;
			};
			name = Release;
		};
		DC3D4D2C1B53677400CFD716 /* Debug */ = {
			isa = XCBuildConfiguration;
			buildSettings = {
				ASSETCATALOG_COMPILER_APPICON_NAME = AppIcon;
				INFOPLIST_FILE = demo_CompanyProfile/Info.plist;
				LD_RUNPATH_SEARCH_PATHS = "$(inherited) @executable_path/Frameworks";
				PRODUCT_NAME = "$(TARGET_NAME)";
			};
			name = Debug;
		};
		DC3D4D2D1B53677400CFD716 /* Release */ = {
			isa = XCBuildConfiguration;
			buildSettings = {
				ASSETCATALOG_COMPILER_APPICON_NAME = AppIcon;
				INFOPLIST_FILE = demo_CompanyProfile/Info.plist;
				LD_RUNPATH_SEARCH_PATHS = "$(inherited) @executable_path/Frameworks";
				PRODUCT_NAME = "$(TARGET_NAME)";
			};
			name = Release;
		};
		DC3D4D2F1B53677400CFD716 /* Debug */ = {
			isa = XCBuildConfiguration;
			buildSettings = {
				BUNDLE_LOADER = "$(TEST_HOST)";
				FRAMEWORK_SEARCH_PATHS = (
					"$(SDKROOT)/Developer/Library/Frameworks",
					"$(inherited)",
				);
				GCC_PREPROCESSOR_DEFINITIONS = (
					"DEBUG=1",
					"$(inherited)",
				);
				INFOPLIST_FILE = demo_CompanyProfileTests/Info.plist;
				LD_RUNPATH_SEARCH_PATHS = "$(inherited) @executable_path/Frameworks @loader_path/Frameworks";
				PRODUCT_NAME = "$(TARGET_NAME)";
				TEST_HOST = "$(BUILT_PRODUCTS_DIR)/demo_CompanyProfile.app/demo_CompanyProfile";
			};
			name = Debug;
		};
		DC3D4D301B53677400CFD716 /* Release */ = {
			isa = XCBuildConfiguration;
			buildSettings = {
				BUNDLE_LOADER = "$(TEST_HOST)";
				FRAMEWORK_SEARCH_PATHS = (
					"$(SDKROOT)/Developer/Library/Frameworks",
					"$(inherited)",
				);
				INFOPLIST_FILE = demo_CompanyProfileTests/Info.plist;
				LD_RUNPATH_SEARCH_PATHS = "$(inherited) @executable_path/Frameworks @loader_path/Frameworks";
				PRODUCT_NAME = "$(TARGET_NAME)";
				TEST_HOST = "$(BUILT_PRODUCTS_DIR)/demo_CompanyProfile.app/demo_CompanyProfile";
			};
			name = Release;
		};
/* End XCBuildConfiguration section */

/* Begin XCConfigurationList section */
		DC3D4D031B53677400CFD716 /* Build configuration list for PBXProject "demo_CompanyProfile" */ = {
			isa = XCConfigurationList;
			buildConfigurations = (
				DC3D4D291B53677400CFD716 /* Debug */,
				DC3D4D2A1B53677400CFD716 /* Release */,
			);
			defaultConfigurationIsVisible = 0;
			defaultConfigurationName = Release;
		};
		DC3D4D2B1B53677400CFD716 /* Build configuration list for PBXNativeTarget "demo_CompanyProfile" */ = {
			isa = XCConfigurationList;
			buildConfigurations = (
				DC3D4D2C1B53677400CFD716 /* Debug */,
				DC3D4D2D1B53677400CFD716 /* Release */,
			);
			defaultConfigurationIsVisible = 0;
			defaultConfigurationName = Release;
		};
		DC3D4D2E1B53677400CFD716 /* Build configuration list for PBXNativeTarget "demo_CompanyProfileTests" */ = {
			isa = XCConfigurationList;
			buildConfigurations = (
				DC3D4D2F1B53677400CFD716 /* Debug */,
				DC3D4D301B53677400CFD716 /* Release */,
			);
			defaultConfigurationIsVisible = 0;
			defaultConfigurationName = Release;
		};
/* End XCConfigurationList section */
	};
	rootObject = DC3D4D001B53677400CFD716 /* Project object */;
}
